// !$*UTF8*$!
{
	archiveVersion = 1;
	classes = {
	};
	objectVersion = 50;
	objects = {

/* Begin PBXBuildFile section */
		A584879824CFF621007BA9DD /* TestStateObjectApp.swift in Sources */ = {isa = PBXBuildFile; fileRef = A584879724CFF621007BA9DD /* TestStateObjectApp.swift */; };
		A584879A24CFF621007BA9DD /* MainView.swift in Sources */ = {isa = PBXBuildFile; fileRef = A584879924CFF621007BA9DD /* MainView.swift */; };
		A584879C24CFF625007BA9DD /* Assets.xcassets in Resources */ = {isa = PBXBuildFile; fileRef = A584879B24CFF625007BA9DD /* Assets.xcassets */; };
		A584879F24CFF625007BA9DD /* Preview Assets.xcassets in Resources */ = {isa = PBXBuildFile; fileRef = A584879E24CFF625007BA9DD /* Preview Assets.xcassets */; };
		A58487A724CFF6A1007BA9DD /* User.swift in Sources */ = {isa = PBXBuildFile; fileRef = A58487A624CFF6A1007BA9DD /* User.swift */; };
		A5DB0F2024D001EA00D8B0CD /* NameEditorView.swift in Sources */ = {isa = PBXBuildFile; fileRef = A5DB0F1F24D001EA00D8B0CD /* NameEditorView.swift */; };
/* End PBXBuildFile section */

/* Begin PBXFileReference section */
		A584879424CFF621007BA9DD /* TestStateObject.app */ = {isa = PBXFileReference; explicitFileType = wrapper.application; includeInIndex = 0; path = TestStateObject.app; sourceTree = BUILT_PRODUCTS_DIR; };
		A584879724CFF621007BA9DD /* TestStateObjectApp.swift */ = {isa = PBXFileReference; lastKnownFileType = sourcecode.swift; path = TestStateObjectApp.swift; sourceTree = "<group>"; };
		A584879924CFF621007BA9DD /* MainView.swift */ = {isa = PBXFileReference; lastKnownFileType = sourcecode.swift; path = MainView.swift; sourceTree = "<group>"; };
		A584879B24CFF625007BA9DD /* Assets.xcassets */ = {isa = PBXFileReference; lastKnownFileType = folder.assetcatalog; path = Assets.xcassets; sourceTree = "<group>"; };
		A584879E24CFF625007BA9DD /* Preview Assets.xcassets */ = {isa = PBXFileReference; lastKnownFileType = folder.assetcatalog; path = "Preview Assets.xcassets"; sourceTree = "<group>"; };
		A58487A024CFF625007BA9DD /* Info.plist */ = {isa = PBXFileReference; lastKnownFileType = text.plist.xml; path = Info.plist; sourceTree = "<group>"; };
		A58487A624CFF6A1007BA9DD /* User.swift */ = {isa = PBXFileReference; lastKnownFileType = sourcecode.swift; path = User.swift; sourceTree = "<group>"; };
		A5DB0F1F24D001EA00D8B0CD /* NameEditorView.swift */ = {isa = PBXFileReference; lastKnownFileType = sourcecode.swift; path = NameEditorView.swift; sourceTree = "<group>"; };
/* End PBXFileReference section */

/* Begin PBXFrameworksBuildPhase section */
		A584879124CFF621007BA9DD /* Frameworks */ = {
			isa = PBXFrameworksBuildPhase;
			buildActionMask = 2147483647;
			files = (
			);
			runOnlyForDeploymentPostprocessing = 0;
		};
/* End PBXFrameworksBuildPhase section */

/* Begin PBXGroup section */
		A584878B24CFF621007BA9DD = {
			isa = PBXGroup;
			children = (
				A584879624CFF621007BA9DD /* TestStateObject */,
				A584879524CFF621007BA9DD /* Products */,
			);
			sourceTree = "<group>";
		};
		A584879524CFF621007BA9DD /* Products */ = {
			isa = PBXGroup;
			children = (
				A584879424CFF621007BA9DD /* TestStateObject.app */,
			);
			name = Products;
			sourceTree = "<group>";
		};
		A584879624CFF621007BA9DD /* TestStateObject */ = {
			isa = PBXGroup;
			children = (
				A584879724CFF621007BA9DD /* TestStateObjectApp.swift */,
				A584879924CFF621007BA9DD /* MainView.swift */,
				A5DB0F1F24D001EA00D8B0CD /* NameEditorView.swift */,
				A58487A624CFF6A1007BA9DD /* User.swift */,
				A584879B24CFF625007BA9DD /* Assets.xcassets */,
				A58487A024CFF625007BA9DD /* Info.plist */,
				A584879D24CFF625007BA9DD /* Preview Content */,
			);
			path = TestStateObject;
			sourceTree = "<group>";
		};
		A584879D24CFF625007BA9DD /* Preview Content */ = {
			isa = PBXGroup;
			children = (
				A584879E24CFF625007BA9DD /* Preview Assets.xcassets */,
			);
			path = "Preview Content";
			sourceTree = "<group>";
		};
/* End PBXGroup section */

/* Begin PBXNativeTarget section */
		A584879324CFF621007BA9DD /* TestStateObject */ = {
			isa = PBXNativeTarget;
			buildConfigurationList = A58487A324CFF625007BA9DD /* Build configuration list for PBXNativeTarget "TestStateObject" */;
			buildPhases = (
				A584879024CFF621007BA9DD /* Sources */,
				A584879124CFF621007BA9DD /* Frameworks */,
				A584879224CFF621007BA9DD /* Resources */,
			);
			buildRules = (
			);
			dependencies = (
			);
			name = TestStateObject;
			productName = TestStateObject;
			productReference = A584879424CFF621007BA9DD /* TestStateObject.app */;
			productType = "com.apple.product-type.application";
		};
/* End PBXNativeTarget section */

/* Begin PBXProject section */
		A584878C24CFF621007BA9DD /* Project object */ = {
			isa = PBXProject;
			attributes = {
				LastSwiftUpdateCheck = 1200;
				LastUpgradeCheck = 1200;
				TargetAttributes = {
					A584879324CFF621007BA9DD = {
						CreatedOnToolsVersion = 12.0;
					};
				};
			};
			buildConfigurationList = A584878F24CFF621007BA9DD /* Build configuration list for PBXProject "TestStateObject" */;
			compatibilityVersion = "Xcode 9.3";
			developmentRegion = en;
			hasScannedForEncodings = 0;
			knownRegions = (
				en,
				Base,
			);
			mainGroup = A584878B24CFF621007BA9DD;
			productRefGroup = A584879524CFF621007BA9DD /* Products */;
			projectDirPath = "";
			projectRoot = "";
			targets = (
				A584879324CFF621007BA9DD /* TestStateObject */,
			);
		};
/* End PBXProject section */

/* Begin PBXResourcesBuildPhase section */
		A584879224CFF621007BA9DD /* Resources */ = {
			isa = PBXResourcesBuildPhase;
			buildActionMask = 2147483647;
			files = (
				A584879F24CFF625007BA9DD /* Preview Assets.xcassets in Resources */,
				A584879C24CFF625007BA9DD /* Assets.xcassets in Resources */,
			);
			runOnlyForDeploymentPostprocessing = 0;
		};
/* End PBXResourcesBuildPhase section */

/* Begin PBXSourcesBuildPhase section */
		A584879024CFF621007BA9DD /* Sources */ = {
			isa = PBXSourcesBuildPhase;
			buildActionMask = 2147483647;
			files = (
				A584879A24CFF621007BA9DD /* MainView.swift in Sources */,
				A58487A724CFF6A1007BA9DD /* User.swift in Sources */,
				A5DB0F2024D001EA00D8B0CD /* NameEditorView.swift in Sources */,
				A584879824CFF621007BA9DD /* TestStateObjectApp.swift in Sources */,
			);
			runOnlyForDeploymentPostprocessing = 0;
		};
/* End PBXSourcesBuildPhase section */

/* Begin XCBuildConfiguration section */
		A58487A124CFF625007BA9DD /* Debug */ = {
			isa = XCBuildConfiguration;
			buildSettings = {
				ALWAYS_SEARCH_USER_PATHS = NO;
				CLANG_ANALYZER_NONNULL = YES;
				CLANG_ANALYZER_NUMBER_OBJECT_CONVERSION = YES_AGGRESSIVE;
				CLANG_CXX_LANGUAGE_STANDARD = "gnu++14";
				CLANG_CXX_LIBRARY = "libc++";
				CLANG_ENABLE_MODULES = YES;
				CLANG_ENABLE_OBJC_ARC = YES;
				CLANG_ENABLE_OBJC_WEAK = YES;
				CLANG_WARN_BLOCK_CAPTURE_AUTORELEASING = YES;
				CLANG_WARN_BOOL_CONVERSION = YES;
				CLANG_WARN_COMMA = YES;
				CLANG_WARN_CONSTANT_CONVERSION = YES;
				CLANG_WARN_DEPRECATED_OBJC_IMPLEMENTATIONS = YES;
				CLANG_WARN_DIRECT_OBJC_ISA_USAGE = YES_ERROR;
				CLANG_WARN_DOCUMENTATION_COMMENTS = YES;
				CLANG_WARN_EMPTY_BODY = YES;
				CLANG_WARN_ENUM_CONVERSION = YES;
				CLANG_WARN_INFINITE_RECURSION = YES;
				CLANG_WARN_INT_CONVERSION = YES;
				CLANG_WARN_NON_LITERAL_NULL_CONVERSION = YES;
				CLANG_WARN_OBJC_IMPLICIT_RETAIN_SELF = YES;
				CLANG_WARN_OBJC_LITERAL_CONVERSION = YES;
				CLANG_WARN_OBJC_ROOT_CLASS = YES_ERROR;
				CLANG_WARN_QUOTED_INCLUDE_IN_FRAMEWORK_HEADER = YES;
				CLANG_WARN_RANGE_LOOP_ANALYSIS = YES;
				CLANG_WARN_STRICT_PROTOTYPES = YES;
				CLANG_WARN_SUSPICIOUS_MOVE = YES;
				CLANG_WARN_UNGUARDED_AVAILABILITY = YES_AGGRESSIVE;
				CLANG_WARN_UNREACHABLE_CODE = YES;
				CLANG_WARN__DUPLICATE_METHOD_MATCH = YES;
				COPY_PHASE_STRIP = NO;
				DEBUG_INFORMATION_FORMAT = dwarf;
				ENABLE_STRICT_OBJC_MSGSEND = YES;
				ENABLE_TESTABILITY = YES;
				GCC_C_LANGUAGE_STANDARD = gnu11;
				GCC_DYNAMIC_NO_PIC = NO;
				GCC_NO_COMMON_BLOCKS = YES;
				GCC_OPTIMIZATION_LEVEL = 0;
				GCC_PREPROCESSOR_DEFINITIONS = (
					"DEBUG=1",
					"$(inherited)",
				);
				GCC_WARN_64_TO_32_BIT_CONVERSION = YES;
				GCC_WARN_ABOUT_RETURN_TYPE = YES_ERROR;
				GCC_WARN_UNDECLARED_SELECTOR = YES;
				GCC_WARN_UNINITIALIZED_AUTOS = YES_AGGRESSIVE;
				GCC_WARN_UNUSED_FUNCTION = YES;
				GCC_WARN_UNUSED_VARIABLE = YES;
				IPHONEOS_DEPLOYMENT_TARGET = 14.0;
				MTL_ENABLE_DEBUG_INFO = INCLUDE_SOURCE;
				MTL_FAST_MATH = YES;
				ONLY_ACTIVE_ARCH = YES;
				SDKROOT = iphoneos;
				SWIFT_ACTIVE_COMPILATION_CONDITIONS = DEBUG;
				SWIFT_OPTIMIZATION_LEVEL = "-Onone";
			};
			name = Debug;
		};
		A58487A224CFF625007BA9DD /* Release */ = {
			isa = XCBuildConfiguration;
			buildSettings = {
				ALWAYS_SEARCH_USER_PATHS = NO;
				CLANG_ANALYZER_NONNULL = YES;
				CLANG_ANALYZER_NUMBER_OBJECT_CONVERSION = YES_AGGRESSIVE;
				CLANG_CXX_LANGUAGE_STANDARD = "gnu++14";
				CLANG_CXX_LIBRARY = "libc++";
				CLANG_ENABLE_MODULES = YES;
				CLANG_ENABLE_OBJC_ARC = YES;
				CLANG_ENABLE_OBJC_WEAK = YES;
				CLANG_WARN_BLOCK_CAPTURE_AUTORELEASING = YES;
				CLANG_WARN_BOOL_CONVERSION = YES;
				CLANG_WARN_COMMA = YES;
				CLANG_WARN_CONSTANT_CONVERSION = YES;
				CLANG_WARN_DEPRECATED_OBJC_IMPLEMENTATIONS = YES;
				CLANG_WARN_DIRECT_OBJC_ISA_USAGE = YES_ERROR;
				CLANG_WARN_DOCUMENTATION_COMMENTS = YES;
				CLANG_WARN_EMPTY_BODY = YES;
				CLANG_WARN_ENUM_CONVERSION = YES;
				CLANG_WARN_INFINITE_RECURSION = YES;
				CLANG_WARN_INT_CONVERSION = YES;
				CLANG_WARN_NON_LITERAL_NULL_CONVERSION = YES;
				CLANG_WARN_OBJC_IMPLICIT_RETAIN_SELF = YES;
				CLANG_WARN_OBJC_LITERAL_CONVERSION = YES;
				CLANG_WARN_OBJC_ROOT_CLASS = YES_ERROR;
				CLANG_WARN_QUOTED_INCLUDE_IN_FRAMEWORK_HEADER = YES;
				CLANG_WARN_RANGE_LOOP_ANALYSIS = YES;
				CLANG_WARN_STRICT_PROTOTYPES = YES;
				CLANG_WARN_SUSPICIOUS_MOVE = YES;
				CLANG_WARN_UNGUARDED_AVAILABILITY = YES_AGGRESSIVE;
				CLANG_WARN_UNREACHABLE_CODE = YES;
				CLANG_WARN__DUPLICATE_METHOD_MATCH = YES;
				COPY_PHASE_STRIP = NO;
				DEBUG_INFORMATION_FORMAT = "dwarf-with-dsym";
				ENABLE_NS_ASSERTIONS = NO;
				ENABLE_STRICT_OBJC_MSGSEND = YES;
				GCC_C_LANGUAGE_STANDARD = gnu11;
				GCC_NO_COMMON_BLOCKS = YES;
				GCC_WARN_64_TO_32_BIT_CONVERSION = YES;
				GCC_WARN_ABOUT_RETURN_TYPE = YES_ERROR;
				GCC_WARN_UNDECLARED_SELECTOR = YES;
				GCC_WARN_UNINITIALIZED_AUTOS = YES_AGGRESSIVE;
				GCC_WARN_UNUSED_FUNCTION = YES;
				GCC_WARN_UNUSED_VARIABLE = YES;
				IPHONEOS_DEPLOYMENT_TARGET = 14.0;
				MTL_ENABLE_DEBUG_INFO = NO;
				MTL_FAST_MATH = YES;
				SDKROOT = iphoneos;
				SWIFT_COMPILATION_MODE = wholemodule;
				SWIFT_OPTIMIZATION_LEVEL = "-O";
				VALIDATE_PRODUCT = YES;
			};
			name = Release;
		};
		A58487A424CFF625007BA9DD /* Debug */ = {
			isa = XCBuildConfiguration;
			buildSettings = {
				ASSETCATALOG_COMPILER_APPICON_NAME = AppIcon;
				ASSETCATALOG_COMPILER_GLOBAL_ACCENT_COLOR_NAME = AccentColor;
				CODE_SIGN_STYLE = Automatic;
				DEVELOPMENT_ASSET_PATHS = "\"TestStateObject/Preview Content\"";
				DEVELOPMENT_TEAM = 22PJ946S5N;
				ENABLE_PREVIEWS = YES;
				INFOPLIST_FILE = TestStateObject/Info.plist;
				IPHONEOS_DEPLOYMENT_TARGET = 14.0;
				LD_RUNPATH_SEARCH_PATHS = (
					"$(inherited)",
					"@executable_path/Frameworks",
				);
				PRODUCT_BUNDLE_IDENTIFIER = test.TestStateObject;
				PRODUCT_NAME = "$(TARGET_NAME)";
				SWIFT_VERSION = 5.0;
				TARGETED_DEVICE_FAMILY = "1,2";
			};
			name = Debug;
		};
		A58487A524CFF625007BA9DD /* Release */ = {
			isa = XCBuildConfiguration;
			buildSettings = {
				ASSETCATALOG_COMPILER_APPICON_NAME = AppIcon;
				ASSETCATALOG_COMPILER_GLOBAL_ACCENT_COLOR_NAME = AccentColor;
				CODE_SIGN_STYLE = Automatic;
				DEVELOPMENT_ASSET_PATHS = "\"TestStateObject/Preview Content\"";
				DEVELOPMENT_TEAM = 22PJ946S5N;
				ENABLE_PREVIEWS = YES;
				INFOPLIST_FILE = TestStateObject/Info.plist;
				IPHONEOS_DEPLOYMENT_TARGET = 14.0;
				LD_RUNPATH_SEARCH_PATHS = (
					"$(inherited)",
					"@executable_path/Frameworks",
				);
				PRODUCT_BUNDLE_IDENTIFIER = test.TestStateObject;
				PRODUCT_NAME = "$(TARGET_NAME)";
				SWIFT_VERSION = 5.0;
				TARGETED_DEVICE_FAMILY = "1,2";
			};
			name = Release;
		};
/* End XCBuildConfiguration section */

/* Begin XCConfigurationList section */
		A584878F24CFF621007BA9DD /* Build configuration list for PBXProject "TestStateObject" */ = {
			isa = XCConfigurationList;
			buildConfigurations = (
				A58487A124CFF625007BA9DD /* Debug */,
				A58487A224CFF625007BA9DD /* Release */,
			);
			defaultConfigurationIsVisible = 0;
			defaultConfigurationName = Release;
		};
		A58487A324CFF625007BA9DD /* Build configuration list for PBXNativeTarget "TestStateObject" */ = {
			isa = XCConfigurationList;
			buildConfigurations = (
				A58487A424CFF625007BA9DD /* Debug */,
				A58487A524CFF625007BA9DD /* Release */,
			);
			defaultConfigurationIsVisible = 0;
			defaultConfigurationName = Release;
		};
/* End XCConfigurationList section */
	};
	rootObject = A584878C24CFF621007BA9DD /* Project object */;
}
